// !$*UTF8*$!
{
	archiveVersion = 1;
	classes = {
	};
	objectVersion = 50;
	objects = {

/* Begin PBXBuildFile section */
		532BC934379E692CB2886D8A /* Pods_MeetEmApp.framework in Frameworks */ = {isa = PBXBuildFile; fileRef = 7433663AA77BF0E799EE61F8 /* Pods_MeetEmApp.framework */; };
		847BD02722A941480000709B /* GoogleService-Info.plist in Resources */ = {isa = PBXBuildFile; fileRef = 847BD02622A941480000709B /* GoogleService-Info.plist */; };
		847BD02B22AA45FB0000709B /* selectViewController.swift in Sources */ = {isa = PBXBuildFile; fileRef = 847BD02A22AA45FB0000709B /* selectViewController.swift */; };
		84E55E4D2295819E00BD6073 /* AppDelegate.swift in Sources */ = {isa = PBXBuildFile; fileRef = 84E55E4C2295819E00BD6073 /* AppDelegate.swift */; };
		84E55E4F2295819E00BD6073 /* ViewController.swift in Sources */ = {isa = PBXBuildFile; fileRef = 84E55E4E2295819E00BD6073 /* ViewController.swift */; };
		84E55E522295819E00BD6073 /* Main.storyboard in Resources */ = {isa = PBXBuildFile; fileRef = 84E55E502295819E00BD6073 /* Main.storyboard */; };
		84E55E542295819F00BD6073 /* Assets.xcassets in Resources */ = {isa = PBXBuildFile; fileRef = 84E55E532295819F00BD6073 /* Assets.xcassets */; };
		84E55E572295819F00BD6073 /* LaunchScreen.storyboard in Resources */ = {isa = PBXBuildFile; fileRef = 84E55E552295819F00BD6073 /* LaunchScreen.storyboard */; };
		84E778EF22AC042A002B51E7 /* WelcomeViewController.swift in Sources */ = {isa = PBXBuildFile; fileRef = 84E778EE22AC042A002B51E7 /* WelcomeViewController.swift */; };
		84E778F122AC0470002B51E7 /* LoginViewController.swift in Sources */ = {isa = PBXBuildFile; fileRef = 84E778F022AC0470002B51E7 /* LoginViewController.swift */; };
		84E778F322AC0494002B51E7 /* RegisterViewController.swift in Sources */ = {isa = PBXBuildFile; fileRef = 84E778F222AC0494002B51E7 /* RegisterViewController.swift */; };
		84E778F722AC2252002B51E7 /* MainTabBarController.swift in Sources */ = {isa = PBXBuildFile; fileRef = 84E778F622AC2252002B51E7 /* MainTabBarController.swift */; };
		84E778F922AC2E2A002B51E7 /* SettingViewController.swift in Sources */ = {isa = PBXBuildFile; fileRef = 84E778F822AC2E2A002B51E7 /* SettingViewController.swift */; };
/* End PBXBuildFile section */

/* Begin PBXFileReference section */
		7433663AA77BF0E799EE61F8 /* Pods_MeetEmApp.framework */ = {isa = PBXFileReference; explicitFileType = wrapper.framework; includeInIndex = 0; path = Pods_MeetEmApp.framework; sourceTree = BUILT_PRODUCTS_DIR; };
		847BD02622A941480000709B /* GoogleService-Info.plist */ = {isa = PBXFileReference; fileEncoding = 4; lastKnownFileType = text.plist.xml; path = "GoogleService-Info.plist"; sourceTree = "<group>"; };
		847BD02A22AA45FB0000709B /* selectViewController.swift */ = {isa = PBXFileReference; lastKnownFileType = sourcecode.swift; path = selectViewController.swift; sourceTree = "<group>"; };
		84E55E492295819E00BD6073 /* MeetEmApp.app */ = {isa = PBXFileReference; explicitFileType = wrapper.application; includeInIndex = 0; path = MeetEmApp.app; sourceTree = BUILT_PRODUCTS_DIR; };
		84E55E4C2295819E00BD6073 /* AppDelegate.swift */ = {isa = PBXFileReference; lastKnownFileType = sourcecode.swift; path = AppDelegate.swift; sourceTree = "<group>"; };
		84E55E4E2295819E00BD6073 /* ViewController.swift */ = {isa = PBXFileReference; lastKnownFileType = sourcecode.swift; path = ViewController.swift; sourceTree = "<group>"; };
		84E55E512295819E00BD6073 /* Base */ = {isa = PBXFileReference; lastKnownFileType = file.storyboard; name = Base; path = Base.lproj/Main.storyboard; sourceTree = "<group>"; };
		84E55E532295819F00BD6073 /* Assets.xcassets */ = {isa = PBXFileReference; lastKnownFileType = folder.assetcatalog; path = Assets.xcassets; sourceTree = "<group>"; };
		84E55E562295819F00BD6073 /* Base */ = {isa = PBXFileReference; lastKnownFileType = file.storyboard; name = Base; path = Base.lproj/LaunchScreen.storyboard; sourceTree = "<group>"; };
		84E55E582295819F00BD6073 /* Info.plist */ = {isa = PBXFileReference; lastKnownFileType = text.plist.xml; path = Info.plist; sourceTree = "<group>"; };
		84E778EE22AC042A002B51E7 /* WelcomeViewController.swift */ = {isa = PBXFileReference; lastKnownFileType = sourcecode.swift; path = WelcomeViewController.swift; sourceTree = "<group>"; };
		84E778F022AC0470002B51E7 /* LoginViewController.swift */ = {isa = PBXFileReference; lastKnownFileType = sourcecode.swift; path = LoginViewController.swift; sourceTree = "<group>"; };
		84E778F222AC0494002B51E7 /* RegisterViewController.swift */ = {isa = PBXFileReference; lastKnownFileType = sourcecode.swift; path = RegisterViewController.swift; sourceTree = "<group>"; };
		84E778F622AC2252002B51E7 /* MainTabBarController.swift */ = {isa = PBXFileReference; lastKnownFileType = sourcecode.swift; path = MainTabBarController.swift; sourceTree = "<group>"; };
		84E778F822AC2E2A002B51E7 /* SettingViewController.swift */ = {isa = PBXFileReference; lastKnownFileType = sourcecode.swift; path = SettingViewController.swift; sourceTree = "<group>"; };
		A44AC70C77A7BD2E6991ED81 /* Pods-MeetEmApp.release.xcconfig */ = {isa = PBXFileReference; includeInIndex = 1; lastKnownFileType = text.xcconfig; name = "Pods-MeetEmApp.release.xcconfig"; path = "Target Support Files/Pods-MeetEmApp/Pods-MeetEmApp.release.xcconfig"; sourceTree = "<group>"; };
		B2EB5E9FF4618C4F0D2A5838 /* Pods-MeetEmApp.debug.xcconfig */ = {isa = PBXFileReference; includeInIndex = 1; lastKnownFileType = text.xcconfig; name = "Pods-MeetEmApp.debug.xcconfig"; path = "Target Support Files/Pods-MeetEmApp/Pods-MeetEmApp.debug.xcconfig"; sourceTree = "<group>"; };
/* End PBXFileReference section */

/* Begin PBXFrameworksBuildPhase section */
		84E55E462295819E00BD6073 /* Frameworks */ = {
			isa = PBXFrameworksBuildPhase;
			buildActionMask = 2147483647;
			files = (
				532BC934379E692CB2886D8A /* Pods_MeetEmApp.framework in Frameworks */,
			);
			runOnlyForDeploymentPostprocessing = 0;
		};
/* End PBXFrameworksBuildPhase section */

/* Begin PBXGroup section */
		2A39F076D6746AA9EC9105E3 /* Frameworks */ = {
			isa = PBXGroup;
			children = (
				7433663AA77BF0E799EE61F8 /* Pods_MeetEmApp.framework */,
			);
			name = Frameworks;
			sourceTree = "<group>";
		};
		57A1F2B4B849C61AC0B027D3 /* Pods */ = {
			isa = PBXGroup;
			children = (
				B2EB5E9FF4618C4F0D2A5838 /* Pods-MeetEmApp.debug.xcconfig */,
				A44AC70C77A7BD2E6991ED81 /* Pods-MeetEmApp.release.xcconfig */,
			);
			path = Pods;
			sourceTree = "<group>";
		};
		84E55E402295819D00BD6073 = {
			isa = PBXGroup;
			children = (
				84E55E4B2295819E00BD6073 /* MeetEmApp */,
				84E55E4A2295819E00BD6073 /* Products */,
				57A1F2B4B849C61AC0B027D3 /* Pods */,
				2A39F076D6746AA9EC9105E3 /* Frameworks */,
			);
			sourceTree = "<group>";
		};
		84E55E4A2295819E00BD6073 /* Products */ = {
			isa = PBXGroup;
			children = (
				84E55E492295819E00BD6073 /* MeetEmApp.app */,
			);
			name = Products;
			sourceTree = "<group>";
		};
		84E55E4B2295819E00BD6073 /* MeetEmApp */ = {
			isa = PBXGroup;
			children = (
				84E55E4C2295819E00BD6073 /* AppDelegate.swift */,
				84E55E4E2295819E00BD6073 /* ViewController.swift */,
				84E55E502295819E00BD6073 /* Main.storyboard */,
				84E778F822AC2E2A002B51E7 /* SettingViewController.swift */,
				84E778F622AC2252002B51E7 /* MainTabBarController.swift */,
				84E778F222AC0494002B51E7 /* RegisterViewController.swift */,
				84E778F022AC0470002B51E7 /* LoginViewController.swift */,
				84E778EE22AC042A002B51E7 /* WelcomeViewController.swift */,
				84E55E532295819F00BD6073 /* Assets.xcassets */,
				84E55E552295819F00BD6073 /* LaunchScreen.storyboard */,
				84E55E582295819F00BD6073 /* Info.plist */,
				847BD02622A941480000709B /* GoogleService-Info.plist */,
				847BD02A22AA45FB0000709B /* selectViewController.swift */,
			);
			path = MeetEmApp;
			sourceTree = "<group>";
		};
/* End PBXGroup section */

/* Begin PBXNativeTarget section */
		84E55E482295819E00BD6073 /* MeetEmApp */ = {
			isa = PBXNativeTarget;
			buildConfigurationList = 84E55E5B2295819F00BD6073 /* Build configuration list for PBXNativeTarget "MeetEmApp" */;
			buildPhases = (
				DCD4590558354BB405BB8809 /* [CP] Check Pods Manifest.lock */,
				84E55E452295819E00BD6073 /* Sources */,
				84E55E462295819E00BD6073 /* Frameworks */,
				84E55E472295819E00BD6073 /* Resources */,
				FECA8F4F6716ECA267066808 /* [CP] Copy Pods Resources */,
				7E5822651BBA01EE9A158566 /* [CP] Embed Pods Frameworks */,
			);
			buildRules = (
			);
			dependencies = (
			);
			name = MeetEmApp;
			productName = MeetEmApp;
			productReference = 84E55E492295819E00BD6073 /* MeetEmApp.app */;
			productType = "com.apple.product-type.application";
		};
/* End PBXNativeTarget section */

/* Begin PBXProject section */
		84E55E412295819D00BD6073 /* Project object */ = {
			isa = PBXProject;
			attributes = {
				LastSwiftUpdateCheck = 1020;
				LastUpgradeCheck = 1020;
				ORGANIZATIONNAME = "Abel Tsegaye";
				TargetAttributes = {
					84E55E482295819E00BD6073 = {
						CreatedOnToolsVersion = 10.2.1;
					};
				};
			};
			buildConfigurationList = 84E55E442295819D00BD6073 /* Build configuration list for PBXProject "MeetEmApp" */;
			compatibilityVersion = "Xcode 9.3";
			developmentRegion = en;
			hasScannedForEncodings = 0;
			knownRegions = (
				en,
				Base,
			);
			mainGroup = 84E55E402295819D00BD6073;
			productRefGroup = 84E55E4A2295819E00BD6073 /* Products */;
			projectDirPath = "";
			projectRoot = "";
			targets = (
				84E55E482295819E00BD6073 /* MeetEmApp */,
			);
		};
/* End PBXProject section */

/* Begin PBXResourcesBuildPhase section */
		84E55E472295819E00BD6073 /* Resources */ = {
			isa = PBXResourcesBuildPhase;
			buildActionMask = 2147483647;
			files = (
				84E55E572295819F00BD6073 /* LaunchScreen.storyboard in Resources */,
				84E55E542295819F00BD6073 /* Assets.xcassets in Resources */,
				84E55E522295819E00BD6073 /* Main.storyboard in Resources */,
				847BD02722A941480000709B /* GoogleService-Info.plist in Resources */,
			);
			runOnlyForDeploymentPostprocessing = 0;
		};
/* End PBXResourcesBuildPhase section */

/* Begin PBXShellScriptBuildPhase section */
		7E5822651BBA01EE9A158566 /* [CP] Embed Pods Frameworks */ = {
			isa = PBXShellScriptBuildPhase;
			buildActionMask = 2147483647;
			files = (
			);
			inputFileListPaths = (
			);
			inputPaths = (
				"${PODS_ROOT}/Target Support Files/Pods-MeetEmApp/Pods-MeetEmApp-frameworks.sh",
				"${BUILT_PRODUCTS_DIR}/GTMSessionFetcher/GTMSessionFetcher.framework",
				"${BUILT_PRODUCTS_DIR}/GoogleUtilities/GoogleUtilities.framework",
				"${BUILT_PRODUCTS_DIR}/SVProgressHUD/SVProgressHUD.framework",
				"${BUILT_PRODUCTS_DIR}/leveldb-library/leveldb.framework",
				"${BUILT_PRODUCTS_DIR}/nanopb/nanopb.framework",
			);
			name = "[CP] Embed Pods Frameworks";
			outputFileListPaths = (
			);
			outputPaths = (
				"${TARGET_BUILD_DIR}/${FRAMEWORKS_FOLDER_PATH}/GTMSessionFetcher.framework",
				"${TARGET_BUILD_DIR}/${FRAMEWORKS_FOLDER_PATH}/GoogleUtilities.framework",
				"${TARGET_BUILD_DIR}/${FRAMEWORKS_FOLDER_PATH}/SVProgressHUD.framework",
				"${TARGET_BUILD_DIR}/${FRAMEWORKS_FOLDER_PATH}/leveldb.framework",
				"${TARGET_BUILD_DIR}/${FRAMEWORKS_FOLDER_PATH}/nanopb.framework",
			);
			runOnlyForDeploymentPostprocessing = 0;
			shellPath = /bin/sh;
			shellScript = "\"${PODS_ROOT}/Target Support Files/Pods-MeetEmApp/Pods-MeetEmApp-frameworks.sh\"\n";
			showEnvVarsInLog = 0;
		};
		DCD4590558354BB405BB8809 /* [CP] Check Pods Manifest.lock */ = {
			isa = PBXShellScriptBuildPhase;
			buildActionMask = 2147483647;
			files = (
			);
			inputFileListPaths = (
			);
			inputPaths = (
				"${PODS_PODFILE_DIR_PATH}/Podfile.lock",
				"${PODS_ROOT}/Manifest.lock",
			);
			name = "[CP] Check Pods Manifest.lock";
			outputFileListPaths = (
			);
			outputPaths = (
				"$(DERIVED_FILE_DIR)/Pods-MeetEmApp-checkManifestLockResult.txt",
			);
			runOnlyForDeploymentPostprocessing = 0;
			shellPath = /bin/sh;
			shellScript = "diff \"${PODS_PODFILE_DIR_PATH}/Podfile.lock\" \"${PODS_ROOT}/Manifest.lock\" > /dev/null\nif [ $? != 0 ] ; then\n    # print error to STDERR\n    echo \"error: The sandbox is not in sync with the Podfile.lock. Run 'pod install' or update your CocoaPods installation.\" >&2\n    exit 1\nfi\n# This output is used by Xcode 'outputs' to avoid re-running this script phase.\necho \"SUCCESS\" > \"${SCRIPT_OUTPUT_FILE_0}\"\n";
			showEnvVarsInLog = 0;
		};
		FECA8F4F6716ECA267066808 /* [CP] Copy Pods Resources */ = {
			isa = PBXShellScriptBuildPhase;
			buildActionMask = 2147483647;
			files = (
			);
			inputFileListPaths = (
			);
			inputPaths = (
				"${PODS_ROOT}/Target Support Files/Pods-MeetEmApp/Pods-MeetEmApp-resources.sh",
				"${PODS_ROOT}/GoogleMaps/Maps/Frameworks/GoogleMaps.framework/Resources/GoogleMaps.bundle",
			);
			name = "[CP] Copy Pods Resources";
			outputFileListPaths = (
			);
			outputPaths = (
				"${TARGET_BUILD_DIR}/${UNLOCALIZED_RESOURCES_FOLDER_PATH}/GoogleMaps.bundle",
			);
			runOnlyForDeploymentPostprocessing = 0;
			shellPath = /bin/sh;
			shellScript = "\"${PODS_ROOT}/Target Support Files/Pods-MeetEmApp/Pods-MeetEmApp-resources.sh\"\n";
			showEnvVarsInLog = 0;
		};
/* End PBXShellScriptBuildPhase section */

/* Begin PBXSourcesBuildPhase section */
		84E55E452295819E00BD6073 /* Sources */ = {
			isa = PBXSourcesBuildPhase;
			buildActionMask = 2147483647;
			files = (
				84E55E4F2295819E00BD6073 /* ViewController.swift in Sources */,
				84E778EF22AC042A002B51E7 /* WelcomeViewController.swift in Sources */,
				84E55E4D2295819E00BD6073 /* AppDelegate.swift in Sources */,
				84E778F922AC2E2A002B51E7 /* SettingViewController.swift in Sources */,
				84E778F722AC2252002B51E7 /* MainTabBarController.swift in Sources */,
				84E778F322AC0494002B51E7 /* RegisterViewController.swift in Sources */,
				84E778F122AC0470002B51E7 /* LoginViewController.swift in Sources */,
				847BD02B22AA45FB0000709B /* selectViewController.swift in Sources */,
			);
			runOnlyForDeploymentPostprocessing = 0;
		};
/* End PBXSourcesBuildPhase section */

/* Begin PBXVariantGroup section */
		84E55E502295819E00BD6073 /* Main.storyboard */ = {
			isa = PBXVariantGroup;
			children = (
				84E55E512295819E00BD6073 /* Base */,
			);
			name = Main.storyboard;
			sourceTree = "<group>";
		};
		84E55E552295819F00BD6073 /* LaunchScreen.storyboard */ = {
			isa = PBXVariantGroup;
			children = (
				84E55E562295819F00BD6073 /* Base */,
			);
			name = LaunchScreen.storyboard;
			sourceTree = "<group>";
		};
/* End PBXVariantGroup section */

/* Begin XCBuildConfiguration section */
		84E55E592295819F00BD6073 /* Debug */ = {
			isa = XCBuildConfiguration;
			buildSettings = {
				ALWAYS_SEARCH_USER_PATHS = NO;
				CLANG_ANALYZER_NONNULL = YES;
				CLANG_ANALYZER_NUMBER_OBJECT_CONVERSION = YES_AGGRESSIVE;
				CLANG_CXX_LANGUAGE_STANDARD = "gnu++14";
				CLANG_CXX_LIBRARY = "libc++";
				CLANG_ENABLE_MODULES = YES;
				CLANG_ENABLE_OBJC_ARC = YES;
				CLANG_ENABLE_OBJC_WEAK = YES;
				CLANG_WARN_BLOCK_CAPTURE_AUTORELEASING = YES;
				CLANG_WARN_BOOL_CONVERSION = YES;
				CLANG_WARN_COMMA = YES;
				CLANG_WARN_CONSTANT_CONVERSION = YES;
				CLANG_WARN_DEPRECATED_OBJC_IMPLEMENTATIONS = YES;
				CLANG_WARN_DIRECT_OBJC_ISA_USAGE = YES_ERROR;
				CLANG_WARN_DOCUMENTATION_COMMENTS = YES;
				CLANG_WARN_EMPTY_BODY = YES;
				CLANG_WARN_ENUM_CONVERSION = YES;
				CLANG_WARN_INFINITE_RECURSION = YES;
				CLANG_WARN_INT_CONVERSION = YES;
				CLANG_WARN_NON_LITERAL_NULL_CONVERSION = YES;
				CLANG_WARN_OBJC_IMPLICIT_RETAIN_SELF = YES;
				CLANG_WARN_OBJC_LITERAL_CONVERSION = YES;
				CLANG_WARN_OBJC_ROOT_CLASS = YES_ERROR;
				CLANG_WARN_RANGE_LOOP_ANALYSIS = YES;
				CLANG_WARN_STRICT_PROTOTYPES = YES;
				CLANG_WARN_SUSPICIOUS_MOVE = YES;
				CLANG_WARN_UNGUARDED_AVAILABILITY = YES_AGGRESSIVE;
				CLANG_WARN_UNREACHABLE_CODE = YES;
				CLANG_WARN__DUPLICATE_METHOD_MATCH = YES;
				CODE_SIGN_IDENTITY = "iPhone Developer";
				COPY_PHASE_STRIP = NO;
				DEBUG_INFORMATION_FORMAT = dwarf;
				ENABLE_STRICT_OBJC_MSGSEND = YES;
				ENABLE_TESTABILITY = YES;
				GCC_C_LANGUAGE_STANDARD = gnu11;
				GCC_DYNAMIC_NO_PIC = NO;
				GCC_NO_COMMON_BLOCKS = YES;
				GCC_OPTIMIZATION_LEVEL = 0;
				GCC_PREPROCESSOR_DEFINITIONS = (
					"DEBUG=1",
					"$(inherited)",
				);
				GCC_WARN_64_TO_32_BIT_CONVERSION = YES;
				GCC_WARN_ABOUT_RETURN_TYPE = YES_ERROR;
				GCC_WARN_UNDECLARED_SELECTOR = YES;
				GCC_WARN_UNINITIALIZED_AUTOS = YES_AGGRESSIVE;
				GCC_WARN_UNUSED_FUNCTION = YES;
				GCC_WARN_UNUSED_VARIABLE = YES;
				IPHONEOS_DEPLOYMENT_TARGET = 12.2;
				MTL_ENABLE_DEBUG_INFO = INCLUDE_SOURCE;
				MTL_FAST_MATH = YES;
				ONLY_ACTIVE_ARCH = YES;
				SDKROOT = iphoneos;
				SWIFT_ACTIVE_COMPILATION_CONDITIONS = DEBUG;
				SWIFT_OPTIMIZATION_LEVEL = "-Onone";
			};
			name = Debug;
		};
		84E55E5A2295819F00BD6073 /* Release */ = {
			isa = XCBuildConfiguration;
			buildSettings = {
				ALWAYS_SEARCH_USER_PATHS = NO;
				CLANG_ANALYZER_NONNULL = YES;
				CLANG_ANALYZER_NUMBER_OBJECT_CONVERSION = YES_AGGRESSIVE;
				CLANG_CXX_LANGUAGE_STANDARD = "gnu++14";
				CLANG_CXX_LIBRARY = "libc++";
				CLANG_ENABLE_MODULES = YES;
				CLANG_ENABLE_OBJC_ARC = YES;
				CLANG_ENABLE_OBJC_WEAK = YES;
				CLANG_WARN_BLOCK_CAPTURE_AUTORELEASING = YES;
				CLANG_WARN_BOOL_CONVERSION = YES;
				CLANG_WARN_COMMA = YES;
				CLANG_WARN_CONSTANT_CONVERSION = YES;
				CLANG_WARN_DEPRECATED_OBJC_IMPLEMENTATIONS = YES;
				CLANG_WARN_DIRECT_OBJC_ISA_USAGE = YES_ERROR;
				CLANG_WARN_DOCUMENTATION_COMMENTS = YES;
				CLANG_WARN_EMPTY_BODY = YES;
				CLANG_WARN_ENUM_CONVERSION = YES;
				CLANG_WARN_INFINITE_RECURSION = YES;
				CLANG_WARN_INT_CONVERSION = YES;
				CLANG_WARN_NON_LITERAL_NULL_CONVERSION = YES;
				CLANG_WARN_OBJC_IMPLICIT_RETAIN_SELF = YES;
				CLANG_WARN_OBJC_LITERAL_CONVERSION = YES;
				CLANG_WARN_OBJC_ROOT_CLASS = YES_ERROR;
				CLANG_WARN_RANGE_LOOP_ANALYSIS = YES;
				CLANG_WARN_STRICT_PROTOTYPES = YES;
				CLANG_WARN_SUSPICIOUS_MOVE = YES;
				CLANG_WARN_UNGUARDED_AVAILABILITY = YES_AGGRESSIVE;
				CLANG_WARN_UNREACHABLE_CODE = YES;
				CLANG_WARN__DUPLICATE_METHOD_MATCH = YES;
				CODE_SIGN_IDENTITY = "iPhone Developer";
				COPY_PHASE_STRIP = NO;
				DEBUG_INFORMATION_FORMAT = "dwarf-with-dsym";
				ENABLE_NS_ASSERTIONS = NO;
				ENABLE_STRICT_OBJC_MSGSEND = YES;
				GCC_C_LANGUAGE_STANDARD = gnu11;
				GCC_NO_COMMON_BLOCKS = YES;
				GCC_WARN_64_TO_32_BIT_CONVERSION = YES;
				GCC_WARN_ABOUT_RETURN_TYPE = YES_ERROR;
				GCC_WARN_UNDECLARED_SELECTOR = YES;
				GCC_WARN_UNINITIALIZED_AUTOS = YES_AGGRESSIVE;
				GCC_WARN_UNUSED_FUNCTION = YES;
				GCC_WARN_UNUSED_VARIABLE = YES;
				IPHONEOS_DEPLOYMENT_TARGET = 12.2;
				MTL_ENABLE_DEBUG_INFO = NO;
				MTL_FAST_MATH = YES;
				SDKROOT = iphoneos;
				SWIFT_COMPILATION_MODE = wholemodule;
				SWIFT_OPTIMIZATION_LEVEL = "-O";
				VALIDATE_PRODUCT = YES;
			};
			name = Release;
		};
		84E55E5C2295819F00BD6073 /* Debug */ = {
			isa = XCBuildConfiguration;
			baseConfigurationReference = B2EB5E9FF4618C4F0D2A5838 /* Pods-MeetEmApp.debug.xcconfig */;
			buildSettings = {
				CODE_SIGN_STYLE = Automatic;
				DEVELOPMENT_TEAM = 86K6VS4RPK;
				INFOPLIST_FILE = MeetEmApp/Info.plist;
				LD_RUNPATH_SEARCH_PATHS = (
					"$(inherited)",
					"@executable_path/Frameworks",
				);
				PRODUCT_BUNDLE_IDENTIFIER = com.ethioitsupport.com.MeetEmApp;
				PRODUCT_NAME = "$(TARGET_NAME)";
				SWIFT_VERSION = 5.0;
				TARGETED_DEVICE_FAMILY = "1,2";
			};
			name = Debug;
		};
		84E55E5D2295819F00BD6073 /* Release */ = {
			isa = XCBuildConfiguration;
			baseConfigurationReference = A44AC70C77A7BD2E6991ED81 /* Pods-MeetEmApp.release.xcconfig */;
			buildSettings = {
				CODE_SIGN_STYLE = Automatic;
				DEVELOPMENT_TEAM = 86K6VS4RPK;
				INFOPLIST_FILE = MeetEmApp/Info.plist;
				LD_RUNPATH_SEARCH_PATHS = (
					"$(inherited)",
					"@executable_path/Frameworks",
				);
				PRODUCT_BUNDLE_IDENTIFIER = com.ethioitsupport.com.MeetEmApp;
				PRODUCT_NAME = "$(TARGET_NAME)";
				SWIFT_VERSION = 5.0;
				TARGETED_DEVICE_FAMILY = "1,2";
			};
			name = Release;
		};
/* End XCBuildConfiguration section */

/* Begin XCConfigurationList section */
		84E55E442295819D00BD6073 /* Build configuration list for PBXProject "MeetEmApp" */ = {
			isa = XCConfigurationList;
			buildConfigurations = (
				84E55E592295819F00BD6073 /* Debug */,
				84E55E5A2295819F00BD6073 /* Release */,
			);
			defaultConfigurationIsVisible = 0;
			defaultConfigurationName = Release;
		};
		84E55E5B2295819F00BD6073 /* Build configuration list for PBXNativeTarget "MeetEmApp" */ = {
			isa = XCConfigurationList;
			buildConfigurations = (
				84E55E5C2295819F00BD6073 /* Debug */,
				84E55E5D2295819F00BD6073 /* Release */,
			);
			defaultConfigurationIsVisible = 0;
			defaultConfigurationName = Release;
		};
/* End XCConfigurationList section */
	};
	rootObject = 84E55E412295819D00BD6073 /* Project object */;
}
